
Microsoft Visual Studio Solution File, Format Version 12.00
# Visual Studio 15
VisualStudioVersion = 15.0.27428.2043
MinimumVisualStudioVersion = 10.0.40219.1
Project("{FAE04EC0-301F-11D3-BF4B-00C04F79EFBC}") = "ActMonitor", "ActMonitor\ActMonitor.csproj", "{ACB57627-1BEB-44A5-98EB-CB8EEAD92A25}"
EndProject
Global
	GlobalSection(SolutionConfigurationPlatforms) = preSolution
		Debug|Any CPU = Debug|Any CPU
		Release|Any CPU = Release|Any CPU
	EndGlobalSection
	GlobalSection(ProjectConfigurationPlatforms) = postSolution
		{ACB57627-1BEB-44A5-98EB-CB8EEAD92A25}.Debug|Any CPU.ActiveCfg = Debug|Any CPU
		{ACB57627-1BEB-44A5-98EB-CB8EEAD92A25}.Debug|Any CPU.Build.0 = Debug|Any CPU
		{ACB57627-1BEB-44A5-98EB-CB8EEAD92A25}.Release|Any CPU.ActiveCfg = Release|Any CPU
		{ACB57627-1BEB-44A5-98EB-CB8EEAD92A25}.Release|Any CPU.Build.0 = Release|Any CPU
	EndGlobalSection
	GlobalSection(SolutionProperties) = preSolution
		HideSolutionNode = FALSE
	EndGlobalSection
	GlobalSection(ExtensibilityGlobals) = postSolution
		SolutionGuid = {31DA0ECD-B57A-40B3-B8D5-7C48315BA2B6}
	EndGlobalSection
EndGlobal
